{
  "version": 4,
  "terraform_version": "1.7.0",
  "serial": 1773,
  "lineage": "75cda082-4e99-fa22-9702-2a3594a44f7a",
  "outputs": {},
  "resources": [
    {
      "mode": "managed",
      "type": "docker_image",
      "name": "redis",
      "provider": "provider[\"registry.terraform.io/kreuzwerker/docker\"]",
      "instances": [
        {
          "schema_version": 0,
          "attributes": {
            "build": [],
            "force_remove": null,
            "id": "sha256:5f1b29ca6c7aadd4a446df1328127f43ff5dea0c10ea563d440e3029f8538bb1docker.io/redis:7.2.1-alpine3.18",
            "image_id": "sha256:5f1b29ca6c7aadd4a446df1328127f43ff5dea0c10ea563d440e3029f8538bb1",
            "keep_locally": true,
            "name": "docker.io/redis:7.2.1-alpine3.18",
            "platform": null,
            "pull_triggers": null,
            "repo_digest": "redis@sha256:a4c910678a1b358a88446b2fe1c5bb0417a5c9cfac4eba959f1e42d22f2e0af1",
            "triggers": null
          },
          "sensitive_attributes": [],
          "private": "bnVsbA=="
        }
      ]
    },
    {
      "mode": "managed",
      "type": "docker_network",
      "name": "block_feed_net",
      "provider": "provider[\"registry.terraform.io/kreuzwerker/docker\"]",
      "instances": [
        {
          "schema_version": 1,
          "attributes": {
            "attachable": false,
            "check_duplicate": null,
            "driver": "bridge",
            "id": "e4e3f98823b604f62357766454c48f8b822ae047ab549b00598be607db6ce86e",
            "ingress": false,
            "internal": false,
            "ipam_config": [
              {
                "aux_address": {},
                "gateway": "192.168.224.1",
                "ip_range": "",
                "subnet": "192.168.224.0/20"
              }
            ],
            "ipam_driver": "default",
            "ipam_options": null,
            "ipv6": false,
            "labels": [],
            "name": "block_feed_net",
            "options": {},
            "scope": "local"
          },
          "sensitive_attributes": [],
          "private": "eyJzY2hlbWFfdmVyc2lvbiI6IjEifQ=="
        }
      ]
    },
    {
      "module": "module.block_feed_eth_mainnet.module.etl",
      "mode": "managed",
      "type": "docker_container",
      "name": "block_consumer",
      "provider": "provider[\"registry.terraform.io/kreuzwerker/docker\"]",
      "instances": [
        {
          "schema_version": 2,
          "attributes": {
            "attach": false,
            "bridge": "",
            "capabilities": [],
            "cgroupns_mode": null,
            "command": [
              "/workspace/bin"
            ],
            "container_logs": null,
            "container_read_refresh_timeout_milliseconds": 15000,
            "cpu_set": "",
            "cpu_shares": 0,
            "destroy_grace_seconds": null,
            "devices": [],
            "dns": null,
            "dns_opts": null,
            "dns_search": null,
            "domainname": "",
            "entrypoint": [],
            "env": [
              "BLOCK_CONSUMER_BLOCKCHAIN_ID=eth-mainnet",
              "BLOCK_CONSUMER_BLOCK_TIMEOUT_MS=60000",
              "BLOCK_CONSUMER_NAME=eth-mainnet-block-consumer",
              "BLOCK_CONSUMER_POSTGRES_URL=postgres://blockstore:password@timescaledb:5432/block_feed?sslmode=disable\u0026search_path=block_feed",
              "BLOCK_CONSUMER_REDIS_URL=block-poller-redis-eth-mainnet:6379"
            ],
            "exit_code": null,
            "gpus": null,
            "group_add": null,
            "healthcheck": null,
            "host": [],
            "hostname": "147a2babc82f",
            "id": "147a2babc82f0b8283ecca3312fb6526c54e62bf762644cfd5a3bada15756f63",
            "image": "sha256:fc29a57fc1a2021637a3ecfe531ccddd3ef7d93d07b723baa7d4c81de38e24ff",
            "init": false,
            "ipc_mode": "private",
            "labels": [],
            "log_driver": "json-file",
            "log_opts": null,
            "logs": false,
            "max_retry_count": 0,
            "memory": 0,
            "memory_swap": 0,
            "mounts": [],
            "must_run": true,
            "name": "block-consumer-eth-mainnet",
            "network_data": [
              {
                "gateway": "192.168.224.1",
                "global_ipv6_address": "",
                "global_ipv6_prefix_length": 0,
                "ip_address": "192.168.224.8",
                "ip_prefix_length": 20,
                "ipv6_gateway": "",
                "mac_address": "02:42:c0:a8:e0:08",
                "network_name": "block_feed_net"
              }
            ],
            "network_mode": "default",
            "networks_advanced": [
              {
                "aliases": [],
                "ipv4_address": "",
                "ipv6_address": "",
                "name": "block_feed_net"
              }
            ],
            "pid_mode": "",
            "ports": [],
            "privileged": false,
            "publish_all_ports": false,
            "read_only": false,
            "remove_volumes": true,
            "restart": "always",
            "rm": false,
            "runtime": "runc",
            "security_opts": [],
            "shm_size": 64,
            "start": true,
            "stdin_open": false,
            "stop_signal": "",
            "stop_timeout": 0,
            "storage_opts": null,
            "sysctls": null,
            "tmpfs": null,
            "tty": false,
            "ulimit": [],
            "upload": [],
            "user": "",
            "userns_mode": "",
            "volumes": [],
            "wait": false,
            "wait_timeout": 60,
            "working_dir": "/workspace"
          },
          "sensitive_attributes": [],
          "private": "eyJzY2hlbWFfdmVyc2lvbiI6IjIifQ==",
          "dependencies": [
            "docker_image.redis",
            "docker_network.block_feed_net",
            "module.block_feed_eth_mainnet.module.etl.docker_container.block_poller_redis",
            "module.block_feed_eth_mainnet.module.etl.docker_image.block_consumer",
            "module.block_feed_storage.docker_container.mysql",
            "module.block_feed_storage.docker_container.timescaledb",
            "module.block_feed_storage.docker_image.mysql_dev",
            "module.block_feed_storage.docker_image.timescaledb_dev"
          ]
        }
      ]
    },
    {
      "module": "module.block_feed_eth_mainnet.module.etl",
      "mode": "managed",
      "type": "docker_container",
      "name": "block_poller",
      "provider": "provider[\"registry.terraform.io/kreuzwerker/docker\"]",
      "instances": [
        {
          "schema_version": 2,
          "attributes": {
            "attach": false,
            "bridge": "",
            "capabilities": [],
            "cgroupns_mode": null,
            "command": [
              "/workspace/bin"
            ],
            "container_logs": null,
            "container_read_refresh_timeout_milliseconds": 15000,
            "cpu_set": "",
            "cpu_shares": 0,
            "destroy_grace_seconds": null,
            "devices": [],
            "dns": null,
            "dns_opts": null,
            "dns_search": null,
            "domainname": "",
            "entrypoint": [],
            "env": [
              "BLOCK_POLLER_BATCH_SIZE=10",
              "BLOCK_POLLER_BLOCKCHAIN_ID=eth-mainnet",
              "BLOCK_POLLER_BLOCKCHAIN_URL=https://eth-mainnet.public.blastapi.io",
              "BLOCK_POLLER_BLOCK_TIMEOUT_MS=60000",
              "BLOCK_POLLER_MAX_IN_FLIGHT_REQUESTS=10",
              "BLOCK_POLLER_MYSQL_URL=backend_user:password@tcp(mysql:3306)/block_feed?parseTime=true",
              "BLOCK_POLLER_POLL_MS=1000",
              "BLOCK_POLLER_REDIS_URL=block-poller-redis-eth-mainnet:6379"
            ],
            "exit_code": null,
            "gpus": null,
            "group_add": null,
            "healthcheck": null,
            "host": [],
            "hostname": "0c9c9d737cfa",
            "id": "0c9c9d737cfaaa9dfab05517c65402c8bc95ac423ca7c22626e140ce72bfa040",
            "image": "sha256:7bfe246b2fc21354880eb52c2bb7357fa67224934c9dcd1b6b41122a2940bd4d",
            "init": false,
            "ipc_mode": "private",
            "labels": [],
            "log_driver": "json-file",
            "log_opts": null,
            "logs": false,
            "max_retry_count": 0,
            "memory": 0,
            "memory_swap": 0,
            "mounts": [],
            "must_run": true,
            "name": "block-poller-eth-mainnet",
            "network_data": [
              {
                "gateway": "192.168.224.1",
                "global_ipv6_address": "",
                "global_ipv6_prefix_length": 0,
                "ip_address": "192.168.224.9",
                "ip_prefix_length": 20,
                "ipv6_gateway": "",
                "mac_address": "02:42:c0:a8:e0:09",
                "network_name": "block_feed_net"
              }
            ],
            "network_mode": "default",
            "networks_advanced": [
              {
                "aliases": [],
                "ipv4_address": "",
                "ipv6_address": "",
                "name": "block_feed_net"
              }
            ],
            "pid_mode": "",
            "ports": [],
            "privileged": false,
            "publish_all_ports": false,
            "read_only": false,
            "remove_volumes": true,
            "restart": "always",
            "rm": false,
            "runtime": "runc",
            "security_opts": [],
            "shm_size": 64,
            "start": true,
            "stdin_open": false,
            "stop_signal": "",
            "stop_timeout": 0,
            "storage_opts": null,
            "sysctls": null,
            "tmpfs": null,
            "tty": false,
            "ulimit": [],
            "upload": [],
            "user": "",
            "userns_mode": "",
            "volumes": [],
            "wait": false,
            "wait_timeout": 60,
            "working_dir": "/workspace"
          },
          "sensitive_attributes": [],
          "private": "eyJzY2hlbWFfdmVyc2lvbiI6IjIifQ==",
          "dependencies": [
            "docker_image.redis",
            "docker_network.block_feed_net",
            "module.block_feed_eth_mainnet.module.etl.docker_container.block_poller_redis",
            "module.block_feed_eth_mainnet.module.etl.docker_image.block_poller",
            "module.block_feed_storage.docker_container.mysql",
            "module.block_feed_storage.docker_container.timescaledb",
            "module.block_feed_storage.docker_image.mysql_dev",
            "module.block_feed_storage.docker_image.timescaledb_dev"
          ]
        }
      ]
    },
    {
      "module": "module.block_feed_eth_mainnet.module.etl",
      "mode": "managed",
      "type": "docker_container",
      "name": "block_poller_redis",
      "provider": "provider[\"registry.terraform.io/kreuzwerker/docker\"]",
      "instances": [
        {
          "schema_version": 2,
          "attributes": {
            "attach": false,
            "bridge": "",
            "capabilities": [],
            "cgroupns_mode": null,
            "command": [
              "--port",
              "6379",
              "--loglevel",
              "debug"
            ],
            "container_logs": null,
            "container_read_refresh_timeout_milliseconds": 15000,
            "cpu_set": "",
            "cpu_shares": 0,
            "destroy_grace_seconds": null,
            "devices": [],
            "dns": null,
            "dns_opts": null,
            "dns_search": null,
            "domainname": "",
            "entrypoint": [
              "docker-entrypoint.sh"
            ],
            "env": [],
            "exit_code": null,
            "gpus": null,
            "group_add": null,
            "healthcheck": null,
            "host": [],
            "hostname": "353f59a8caa4",
            "id": "353f59a8caa4b189b64ae9553f4d6b70e69d73480a5f9998f88569d22cf453e5",
            "image": "sha256:5f1b29ca6c7aadd4a446df1328127f43ff5dea0c10ea563d440e3029f8538bb1",
            "init": false,
            "ipc_mode": "private",
            "labels": [],
            "log_driver": "json-file",
            "log_opts": null,
            "logs": false,
            "max_retry_count": 0,
            "memory": 0,
            "memory_swap": 0,
            "mounts": [],
            "must_run": true,
            "name": "block-poller-redis-eth-mainnet",
            "network_data": [
              {
                "gateway": "192.168.224.1",
                "global_ipv6_address": "",
                "global_ipv6_prefix_length": 0,
                "ip_address": "192.168.224.5",
                "ip_prefix_length": 20,
                "ipv6_gateway": "",
                "mac_address": "02:42:c0:a8:e0:05",
                "network_name": "block_feed_net"
              }
            ],
            "network_mode": "default",
            "networks_advanced": [
              {
                "aliases": [],
                "ipv4_address": "",
                "ipv6_address": "",
                "name": "block_feed_net"
              }
            ],
            "pid_mode": "",
            "ports": [
              {
                "external": 6382,
                "internal": 6379,
                "ip": "0.0.0.0",
                "protocol": "tcp"
              }
            ],
            "privileged": false,
            "publish_all_ports": false,
            "read_only": false,
            "remove_volumes": true,
            "restart": "no",
            "rm": false,
            "runtime": "runc",
            "security_opts": [],
            "shm_size": 64,
            "start": true,
            "stdin_open": false,
            "stop_signal": "",
            "stop_timeout": 0,
            "storage_opts": null,
            "sysctls": null,
            "tmpfs": null,
            "tty": false,
            "ulimit": [],
            "upload": [],
            "user": "",
            "userns_mode": "",
            "volumes": [],
            "wait": false,
            "wait_timeout": 60,
            "working_dir": "/data"
          },
          "sensitive_attributes": [],
          "private": "eyJzY2hlbWFfdmVyc2lvbiI6IjIifQ==",
          "dependencies": [
            "docker_image.redis",
            "docker_network.block_feed_net",
            "module.block_feed_storage.docker_container.mysql",
            "module.block_feed_storage.docker_container.timescaledb",
            "module.block_feed_storage.docker_image.mysql_dev",
            "module.block_feed_storage.docker_image.timescaledb_dev"
          ]
        }
      ]
    },
    {
      "module": "module.block_feed_eth_mainnet.module.etl",
      "mode": "managed",
      "type": "docker_image",
      "name": "block_consumer",
      "provider": "provider[\"registry.terraform.io/kreuzwerker/docker\"]",
      "instances": [
        {
          "schema_version": 0,
          "attributes": {
            "build": [
              {
                "auth_config": [],
                "build_arg": null,
                "build_args": {
                  "BUILD_PATH": "./src/apps/etl/block-consumer/main.go"
                },
                "build_id": "",
                "cache_from": [],
                "cgroup_parent": "",
                "context": "/root/side-projects/block-feed-prototype/apps/workers",
                "cpu_period": null,
                "cpu_quota": null,
                "cpu_set_cpus": "",
                "cpu_set_mems": "",
                "cpu_shares": null,
                "dockerfile": "./Dockerfile",
                "extra_hosts": [],
                "force_remove": null,
                "isolation": "",
                "label": null,
                "labels": null,
                "memory": null,
                "memory_swap": null,
                "network_mode": "",
                "no_cache": null,
                "platform": "",
                "pull_parent": null,
                "remote_context": "",
                "remove": true,
                "security_opt": [],
                "session_id": "",
                "shm_size": null,
                "squash": null,
                "suppress_output": null,
                "tag": [],
                "target": "",
                "ulimit": [],
                "version": ""
              }
            ],
            "force_remove": null,
            "id": "sha256:fc29a57fc1a2021637a3ecfe531ccddd3ef7d93d07b723baa7d4c81de38e24ffblock-consumer:1.0.0",
            "image_id": "sha256:fc29a57fc1a2021637a3ecfe531ccddd3ef7d93d07b723baa7d4c81de38e24ff",
            "keep_locally": true,
            "name": "block-consumer:1.0.0",
            "platform": null,
            "pull_triggers": null,
            "repo_digest": "",
            "triggers": null
          },
          "sensitive_attributes": [],
          "private": "bnVsbA==",
          "dependencies": [
            "docker_network.block_feed_net",
            "module.block_feed_storage.docker_container.mysql",
            "module.block_feed_storage.docker_container.timescaledb",
            "module.block_feed_storage.docker_image.mysql_dev",
            "module.block_feed_storage.docker_image.timescaledb_dev"
          ]
        }
      ]
    },
    {
      "module": "module.block_feed_eth_mainnet.module.etl",
      "mode": "managed",
      "type": "docker_image",
      "name": "block_poller",
      "provider": "provider[\"registry.terraform.io/kreuzwerker/docker\"]",
      "instances": [
        {
          "schema_version": 0,
          "attributes": {
            "build": [
              {
                "auth_config": [],
                "build_arg": null,
                "build_args": {
                  "BUILD_PATH": "./src/apps/etl/block-pollers/eth/main.go"
                },
                "build_id": "",
                "cache_from": [],
                "cgroup_parent": "",
                "context": "/root/side-projects/block-feed-prototype/apps/workers",
                "cpu_period": null,
                "cpu_quota": null,
                "cpu_set_cpus": "",
                "cpu_set_mems": "",
                "cpu_shares": null,
                "dockerfile": "./Dockerfile",
                "extra_hosts": [],
                "force_remove": null,
                "isolation": "",
                "label": null,
                "labels": null,
                "memory": null,
                "memory_swap": null,
                "network_mode": "",
                "no_cache": null,
                "platform": "",
                "pull_parent": null,
                "remote_context": "",
                "remove": true,
                "security_opt": [],
                "session_id": "",
                "shm_size": null,
                "squash": null,
                "suppress_output": null,
                "tag": [],
                "target": "",
                "ulimit": [],
                "version": ""
              }
            ],
            "force_remove": null,
            "id": "sha256:7bfe246b2fc21354880eb52c2bb7357fa67224934c9dcd1b6b41122a2940bd4dblock-poller-eth-mainnet:1.0.0",
            "image_id": "sha256:7bfe246b2fc21354880eb52c2bb7357fa67224934c9dcd1b6b41122a2940bd4d",
            "keep_locally": true,
            "name": "block-poller-eth-mainnet:1.0.0",
            "platform": null,
            "pull_triggers": null,
            "repo_digest": "",
            "triggers": null
          },
          "sensitive_attributes": [],
          "private": "bnVsbA==",
          "dependencies": [
            "docker_network.block_feed_net",
            "module.block_feed_storage.docker_container.mysql",
            "module.block_feed_storage.docker_container.timescaledb",
            "module.block_feed_storage.docker_image.mysql_dev",
            "module.block_feed_storage.docker_image.timescaledb_dev"
          ]
        }
      ]
    },
    {
      "module": "module.block_feed_eth_mainnet.module.processing",
      "mode": "managed",
      "type": "docker_container",
      "name": "block_flusher",
      "provider": "provider[\"registry.terraform.io/kreuzwerker/docker\"]",
      "instances": [
        {
          "index_key": 0,
          "schema_version": 2,
          "attributes": {
            "attach": false,
            "bridge": "",
            "capabilities": [],
            "cgroupns_mode": null,
            "command": [
              "/workspace/bin"
            ],
            "container_logs": null,
            "container_read_refresh_timeout_milliseconds": 15000,
            "cpu_set": "",
            "cpu_shares": 0,
            "destroy_grace_seconds": null,
            "devices": [],
            "dns": null,
            "dns_opts": null,
            "dns_search": null,
            "domainname": "",
            "entrypoint": [],
            "env": [
              "BLOCK_FLUSHER_BLOCK_TIMEOUT_MS=60000",
              "BLOCK_FLUSHER_REDIS_BLOCK_STREAM_URL=block-poller-redis-eth-mainnet:6379",
              "BLOCK_FLUSHER_REDIS_WEBHOOK_STREAM_URL=webhook-redis-eth-mainnet-0:6379"
            ],
            "exit_code": null,
            "gpus": null,
            "group_add": null,
            "healthcheck": null,
            "host": [],
            "hostname": "1f4b9a99e18b",
            "id": "1f4b9a99e18b13a2b60cc2d31a13042469030e569eceade14892c3ca3820756b",
            "image": "sha256:a55d4798546153e93d9ce6084fe029cc8233edc3a18b2d4ce441cfc142140e65",
            "init": false,
            "ipc_mode": "private",
            "labels": [],
            "log_driver": "json-file",
            "log_opts": null,
            "logs": false,
            "max_retry_count": 0,
            "memory": 0,
            "memory_swap": 0,
            "mounts": [],
            "must_run": true,
            "name": "block-flusher-eth-mainnet-0",
            "network_data": [
              {
                "gateway": "192.168.224.1",
                "global_ipv6_address": "",
                "global_ipv6_prefix_length": 0,
                "ip_address": "192.168.224.7",
                "ip_prefix_length": 20,
                "ipv6_gateway": "",
                "mac_address": "02:42:c0:a8:e0:07",
                "network_name": "block_feed_net"
              }
            ],
            "network_mode": "default",
            "networks_advanced": [
              {
                "aliases": [],
                "ipv4_address": "",
                "ipv6_address": "",
                "name": "block_feed_net"
              }
            ],
            "pid_mode": "",
            "ports": [],
            "privileged": false,
            "publish_all_ports": false,
            "read_only": false,
            "remove_volumes": true,
            "restart": "always",
            "rm": false,
            "runtime": "runc",
            "security_opts": [],
            "shm_size": 64,
            "start": true,
            "stdin_open": false,
            "stop_signal": "",
            "stop_timeout": 0,
            "storage_opts": null,
            "sysctls": null,
            "tmpfs": null,
            "tty": false,
            "ulimit": [],
            "upload": [],
            "user": "",
            "userns_mode": "",
            "volumes": [],
            "wait": false,
            "wait_timeout": 60,
            "working_dir": "/workspace"
          },
          "sensitive_attributes": [],
          "private": "eyJzY2hlbWFfdmVyc2lvbiI6IjIifQ==",
          "dependencies": [
            "docker_image.redis",
            "docker_network.block_feed_net",
            "module.block_feed_eth_mainnet.module.etl.docker_container.block_poller_redis",
            "module.block_feed_eth_mainnet.module.processing.docker_container.webhook_redis",
            "module.block_feed_eth_mainnet.module.processing.docker_image.block_flusher",
            "module.block_feed_storage.docker_container.mysql",
            "module.block_feed_storage.docker_container.timescaledb",
            "module.block_feed_storage.docker_image.mysql_dev",
            "module.block_feed_storage.docker_image.timescaledb_dev"
          ]
        }
      ]
    },
    {
      "module": "module.block_feed_eth_mainnet.module.processing",
      "mode": "managed",
      "type": "docker_container",
      "name": "webhook_activation_consumer",
      "provider": "provider[\"registry.terraform.io/kreuzwerker/docker\"]",
      "instances": [
        {
          "index_key": 0,
          "schema_version": 2,
          "attributes": {
            "attach": false,
            "bridge": "",
            "capabilities": [],
            "cgroupns_mode": null,
            "command": [
              "/workspace/bin"
            ],
            "container_logs": null,
            "container_read_refresh_timeout_milliseconds": 15000,
            "cpu_set": "",
            "cpu_shares": 0,
            "destroy_grace_seconds": null,
            "devices": [],
            "dns": null,
            "dns_opts": null,
            "dns_search": null,
            "domainname": "",
            "entrypoint": [],
            "env": [
              "WEBHOOK_ACTIVATION_CONSUMER_BLOCK_TIMEOUT_MS=60000",
              "WEBHOOK_ACTIVATION_CONSUMER_MYSQL_CONN_POOL_SIZE=3",
              "WEBHOOK_ACTIVATION_CONSUMER_MYSQL_URL=backend_user:password@tcp(mysql:3306)/block_feed?parseTime=true",
              "WEBHOOK_ACTIVATION_CONSUMER_NAME=webhook-activation-consumer-replica-0",
              "WEBHOOK_ACTIVATION_CONSUMER_POOL_SIZE=3",
              "WEBHOOK_ACTIVATION_CONSUMER_REDIS_URL=webhook-redis-eth-mainnet-0:6379"
            ],
            "exit_code": null,
            "gpus": null,
            "group_add": null,
            "healthcheck": null,
            "host": [],
            "hostname": "1ea5ccbc6c10",
            "id": "1ea5ccbc6c100641d06f1b22ece3279c4b0998c81f82b307010ba7efe74f581e",
            "image": "sha256:8b069c7c34ec11d865f34c93d86df1271b2535db33757c4bc030027fa68cd2c4",
            "init": false,
            "ipc_mode": "private",
            "labels": [],
            "log_driver": "json-file",
            "log_opts": null,
            "logs": false,
            "max_retry_count": 0,
            "memory": 0,
            "memory_swap": 0,
            "mounts": [],
            "must_run": true,
            "name": "webhook-activation-consumer-eth-mainnet-0",
            "network_data": [
              {
                "gateway": "192.168.224.1",
                "global_ipv6_address": "",
                "global_ipv6_prefix_length": 0,
                "ip_address": "192.168.224.10",
                "ip_prefix_length": 20,
                "ipv6_gateway": "",
                "mac_address": "02:42:c0:a8:e0:0a",
                "network_name": "block_feed_net"
              }
            ],
            "network_mode": "default",
            "networks_advanced": [
              {
                "aliases": [],
                "ipv4_address": "",
                "ipv6_address": "",
                "name": "block_feed_net"
              }
            ],
            "pid_mode": "",
            "ports": [],
            "privileged": false,
            "publish_all_ports": false,
            "read_only": false,
            "remove_volumes": true,
            "restart": "always",
            "rm": false,
            "runtime": "runc",
            "security_opts": [],
            "shm_size": 64,
            "start": true,
            "stdin_open": false,
            "stop_signal": "",
            "stop_timeout": 0,
            "storage_opts": null,
            "sysctls": null,
            "tmpfs": null,
            "tty": false,
            "ulimit": [],
            "upload": [],
            "user": "",
            "userns_mode": "",
            "volumes": [],
            "wait": false,
            "wait_timeout": 60,
            "working_dir": "/workspace"
          },
          "sensitive_attributes": [],
          "private": "eyJzY2hlbWFfdmVyc2lvbiI6IjIifQ==",
          "dependencies": [
            "docker_image.redis",
            "docker_network.block_feed_net",
            "module.block_feed_eth_mainnet.module.processing.docker_container.webhook_redis",
            "module.block_feed_eth_mainnet.module.processing.docker_image.webhook_activation_consumer",
            "module.block_feed_storage.docker_container.mysql",
            "module.block_feed_storage.docker_container.timescaledb",
            "module.block_feed_storage.docker_image.mysql_dev",
            "module.block_feed_storage.docker_image.timescaledb_dev"
          ]
        }
      ]
    },
    {
      "module": "module.block_feed_eth_mainnet.module.processing",
      "mode": "managed",
      "type": "docker_container",
      "name": "webhook_consumer",
      "provider": "provider[\"registry.terraform.io/kreuzwerker/docker\"]",
      "instances": [
        {
          "index_key": 0,
          "schema_version": 2,
          "attributes": {
            "attach": false,
            "bridge": "",
            "capabilities": [],
            "cgroupns_mode": null,
            "command": [
              "/workspace/bin"
            ],
            "container_logs": null,
            "container_read_refresh_timeout_milliseconds": 15000,
            "cpu_set": "",
            "cpu_shares": 0,
            "destroy_grace_seconds": null,
            "devices": [],
            "dns": null,
            "dns_opts": null,
            "dns_search": null,
            "domainname": "",
            "entrypoint": [],
            "env": [
              "WEBHOOK_CONSUMER_BLOCK_TIMEOUT_MS=60000",
              "WEBHOOK_CONSUMER_MYSQL_CONN_POOL_SIZE=3",
              "WEBHOOK_CONSUMER_MYSQL_URL=backend_user:password@tcp(mysql:3306)/block_feed?parseTime=true",
              "WEBHOOK_CONSUMER_NAME=webhook-consumer-replica-0",
              "WEBHOOK_CONSUMER_POOL_SIZE=3",
              "WEBHOOK_CONSUMER_POSTGRES_URL=postgres://blockstore:password@timescaledb:5432/block_feed?sslmode=disable\u0026search_path=block_feed",
              "WEBHOOK_CONSUMER_REDIS_URL=webhook-redis-eth-mainnet-0:6379"
            ],
            "exit_code": null,
            "gpus": null,
            "group_add": null,
            "healthcheck": null,
            "host": [],
            "hostname": "7c999a22a1b3",
            "id": "7c999a22a1b3b44a43780459b8d3dda73807d9e9922f110835323c7019bd9de5",
            "image": "sha256:b0efa344d38444274ba2fab501400df7e06feaf78aaf8f3eeb2ca269b7854da9",
            "init": false,
            "ipc_mode": "private",
            "labels": [],
            "log_driver": "json-file",
            "log_opts": null,
            "logs": false,
            "max_retry_count": 0,
            "memory": 0,
            "memory_swap": 0,
            "mounts": [],
            "must_run": true,
            "name": "webhook-consumer-eth-mainnet-0",
            "network_data": [
              {
                "gateway": "192.168.224.1",
                "global_ipv6_address": "",
                "global_ipv6_prefix_length": 0,
                "ip_address": "192.168.224.6",
                "ip_prefix_length": 20,
                "ipv6_gateway": "",
                "mac_address": "02:42:c0:a8:e0:06",
                "network_name": "block_feed_net"
              }
            ],
            "network_mode": "default",
            "networks_advanced": [
              {
                "aliases": [],
                "ipv4_address": "",
                "ipv6_address": "",
                "name": "block_feed_net"
              }
            ],
            "pid_mode": "",
            "ports": [],
            "privileged": false,
            "publish_all_ports": false,
            "read_only": false,
            "remove_volumes": true,
            "restart": "always",
            "rm": false,
            "runtime": "runc",
            "security_opts": [],
            "shm_size": 64,
            "start": true,
            "stdin_open": false,
            "stop_signal": "",
            "stop_timeout": 0,
            "storage_opts": null,
            "sysctls": null,
            "tmpfs": null,
            "tty": false,
            "ulimit": [],
            "upload": [],
            "user": "",
            "userns_mode": "",
            "volumes": [],
            "wait": false,
            "wait_timeout": 60,
            "working_dir": "/workspace"
          },
          "sensitive_attributes": [],
          "private": "eyJzY2hlbWFfdmVyc2lvbiI6IjIifQ==",
          "dependencies": [
            "docker_image.redis",
            "docker_network.block_feed_net",
            "module.block_feed_eth_mainnet.module.processing.docker_container.webhook_redis",
            "module.block_feed_eth_mainnet.module.processing.docker_image.webhook_consumer",
            "module.block_feed_storage.docker_container.mysql",
            "module.block_feed_storage.docker_container.timescaledb",
            "module.block_feed_storage.docker_image.mysql_dev",
            "module.block_feed_storage.docker_image.timescaledb_dev"
          ]
        }
      ]
    },
    {
      "module": "module.block_feed_eth_mainnet.module.processing",
      "mode": "managed",
      "type": "docker_container",
      "name": "webhook_redis",
      "provider": "provider[\"registry.terraform.io/kreuzwerker/docker\"]",
      "instances": [
        {
          "index_key": 0,
          "schema_version": 2,
          "attributes": {
            "attach": false,
            "bridge": "",
            "capabilities": [],
            "cgroupns_mode": null,
            "command": [
              "--port",
              "6379",
              "--loglevel",
              "debug"
            ],
            "container_logs": null,
            "container_read_refresh_timeout_milliseconds": 15000,
            "cpu_set": "",
            "cpu_shares": 0,
            "destroy_grace_seconds": null,
            "devices": [],
            "dns": null,
            "dns_opts": null,
            "dns_search": null,
            "domainname": "",
            "entrypoint": [
              "docker-entrypoint.sh"
            ],
            "env": [],
            "exit_code": null,
            "gpus": null,
            "group_add": null,
            "healthcheck": null,
            "host": [],
            "hostname": "5c1be36e7157",
            "id": "5c1be36e71571eee1909802890ada2c80572261a3ebd7a9d590e6063d918105f",
            "image": "sha256:5f1b29ca6c7aadd4a446df1328127f43ff5dea0c10ea563d440e3029f8538bb1",
            "init": false,
            "ipc_mode": "private",
            "labels": [],
            "log_driver": "json-file",
            "log_opts": null,
            "logs": false,
            "max_retry_count": 0,
            "memory": 0,
            "memory_swap": 0,
            "mounts": [],
            "must_run": true,
            "name": "webhook-redis-eth-mainnet-0",
            "network_data": [
              {
                "gateway": "192.168.224.1",
                "global_ipv6_address": "",
                "global_ipv6_prefix_length": 0,
                "ip_address": "192.168.224.4",
                "ip_prefix_length": 20,
                "ipv6_gateway": "",
                "mac_address": "02:42:c0:a8:e0:04",
                "network_name": "block_feed_net"
              }
            ],
            "network_mode": "default",
            "networks_advanced": [
              {
                "aliases": [],
                "ipv4_address": "",
                "ipv6_address": "",
                "name": "block_feed_net"
              }
            ],
            "pid_mode": "",
            "ports": [
              {
                "external": 6383,
                "internal": 6379,
                "ip": "0.0.0.0",
                "protocol": "tcp"
              }
            ],
            "privileged": false,
            "publish_all_ports": false,
            "read_only": false,
            "remove_volumes": true,
            "restart": "no",
            "rm": false,
            "runtime": "runc",
            "security_opts": [],
            "shm_size": 64,
            "start": true,
            "stdin_open": false,
            "stop_signal": "",
            "stop_timeout": 0,
            "storage_opts": null,
            "sysctls": null,
            "tmpfs": null,
            "tty": false,
            "ulimit": [],
            "upload": [],
            "user": "",
            "userns_mode": "",
            "volumes": [],
            "wait": false,
            "wait_timeout": 60,
            "working_dir": "/data"
          },
          "sensitive_attributes": [],
          "private": "eyJzY2hlbWFfdmVyc2lvbiI6IjIifQ==",
          "dependencies": [
            "docker_image.redis",
            "docker_network.block_feed_net",
            "module.block_feed_storage.docker_container.mysql",
            "module.block_feed_storage.docker_container.timescaledb",
            "module.block_feed_storage.docker_image.mysql_dev",
            "module.block_feed_storage.docker_image.timescaledb_dev"
          ]
        }
      ]
    },
    {
      "module": "module.block_feed_eth_mainnet.module.processing",
      "mode": "managed",
      "type": "docker_image",
      "name": "block_flusher",
      "provider": "provider[\"registry.terraform.io/kreuzwerker/docker\"]",
      "instances": [
        {
          "schema_version": 0,
          "attributes": {
            "build": [
              {
                "auth_config": [],
                "build_arg": null,
                "build_args": {
                  "BUILD_PATH": "./src/apps/processing/block-flusher/main.go"
                },
                "build_id": "",
                "cache_from": [],
                "cgroup_parent": "",
                "context": "/root/side-projects/block-feed-prototype/apps/workers",
                "cpu_period": null,
                "cpu_quota": null,
                "cpu_set_cpus": "",
                "cpu_set_mems": "",
                "cpu_shares": null,
                "dockerfile": "./Dockerfile",
                "extra_hosts": [],
                "force_remove": null,
                "isolation": "",
                "label": null,
                "labels": null,
                "memory": null,
                "memory_swap": null,
                "network_mode": "",
                "no_cache": null,
                "platform": "",
                "pull_parent": null,
                "remote_context": "",
                "remove": true,
                "security_opt": [],
                "session_id": "",
                "shm_size": null,
                "squash": null,
                "suppress_output": null,
                "tag": [],
                "target": "",
                "ulimit": [],
                "version": ""
              }
            ],
            "force_remove": null,
            "id": "sha256:a55d4798546153e93d9ce6084fe029cc8233edc3a18b2d4ce441cfc142140e65block-flusher:1.0.0",
            "image_id": "sha256:a55d4798546153e93d9ce6084fe029cc8233edc3a18b2d4ce441cfc142140e65",
            "keep_locally": true,
            "name": "block-flusher:1.0.0",
            "platform": null,
            "pull_triggers": null,
            "repo_digest": "",
            "triggers": null
          },
          "sensitive_attributes": [],
          "private": "bnVsbA==",
          "dependencies": [
            "docker_network.block_feed_net",
            "module.block_feed_storage.docker_container.mysql",
            "module.block_feed_storage.docker_container.timescaledb",
            "module.block_feed_storage.docker_image.mysql_dev",
            "module.block_feed_storage.docker_image.timescaledb_dev"
          ]
        }
      ]
    },
    {
      "module": "module.block_feed_eth_mainnet.module.processing",
      "mode": "managed",
      "type": "docker_image",
      "name": "webhook_activation_consumer",
      "provider": "provider[\"registry.terraform.io/kreuzwerker/docker\"]",
      "instances": [
        {
          "schema_version": 0,
          "attributes": {
            "build": [
              {
                "auth_config": [],
                "build_arg": null,
                "build_args": {
                  "BUILD_PATH": "./src/apps/processing/webhook-activation-consumer/main.go"
                },
                "build_id": "",
                "cache_from": [],
                "cgroup_parent": "",
                "context": "/root/side-projects/block-feed-prototype/apps/workers",
                "cpu_period": null,
                "cpu_quota": null,
                "cpu_set_cpus": "",
                "cpu_set_mems": "",
                "cpu_shares": null,
                "dockerfile": "./Dockerfile",
                "extra_hosts": [],
                "force_remove": null,
                "isolation": "",
                "label": null,
                "labels": null,
                "memory": null,
                "memory_swap": null,
                "network_mode": "",
                "no_cache": null,
                "platform": "",
                "pull_parent": null,
                "remote_context": "",
                "remove": true,
                "security_opt": [],
                "session_id": "",
                "shm_size": null,
                "squash": null,
                "suppress_output": null,
                "tag": [],
                "target": "",
                "ulimit": [],
                "version": ""
              }
            ],
            "force_remove": null,
            "id": "sha256:8b069c7c34ec11d865f34c93d86df1271b2535db33757c4bc030027fa68cd2c4webhook-activation-consumer:1.0.0",
            "image_id": "sha256:8b069c7c34ec11d865f34c93d86df1271b2535db33757c4bc030027fa68cd2c4",
            "keep_locally": true,
            "name": "webhook-activation-consumer:1.0.0",
            "platform": null,
            "pull_triggers": null,
            "repo_digest": "",
            "triggers": null
          },
          "sensitive_attributes": [],
          "private": "bnVsbA==",
          "dependencies": [
            "docker_network.block_feed_net",
            "module.block_feed_storage.docker_container.mysql",
            "module.block_feed_storage.docker_container.timescaledb",
            "module.block_feed_storage.docker_image.mysql_dev",
            "module.block_feed_storage.docker_image.timescaledb_dev"
          ]
        }
      ]
    },
    {
      "module": "module.block_feed_eth_mainnet.module.processing",
      "mode": "managed",
      "type": "docker_image",
      "name": "webhook_consumer",
      "provider": "provider[\"registry.terraform.io/kreuzwerker/docker\"]",
      "instances": [
        {
          "schema_version": 0,
          "attributes": {
            "build": [
              {
                "auth_config": [],
                "build_arg": null,
                "build_args": {
                  "BUILD_PATH": "./src/apps/processing/webhook-consumer/main.go"
                },
                "build_id": "",
                "cache_from": [],
                "cgroup_parent": "",
                "context": "/root/side-projects/block-feed-prototype/apps/workers",
                "cpu_period": null,
                "cpu_quota": null,
                "cpu_set_cpus": "",
                "cpu_set_mems": "",
                "cpu_shares": null,
                "dockerfile": "./Dockerfile",
                "extra_hosts": [],
                "force_remove": null,
                "isolation": "",
                "label": null,
                "labels": null,
                "memory": null,
                "memory_swap": null,
                "network_mode": "",
                "no_cache": null,
                "platform": "",
                "pull_parent": null,
                "remote_context": "",
                "remove": true,
                "security_opt": [],
                "session_id": "",
                "shm_size": null,
                "squash": null,
                "suppress_output": null,
                "tag": [],
                "target": "",
                "ulimit": [],
                "version": ""
              }
            ],
            "force_remove": null,
            "id": "sha256:b0efa344d38444274ba2fab501400df7e06feaf78aaf8f3eeb2ca269b7854da9webhook-consumer:1.0.0",
            "image_id": "sha256:b0efa344d38444274ba2fab501400df7e06feaf78aaf8f3eeb2ca269b7854da9",
            "keep_locally": true,
            "name": "webhook-consumer:1.0.0",
            "platform": null,
            "pull_triggers": null,
            "repo_digest": "",
            "triggers": null
          },
          "sensitive_attributes": [],
          "private": "bnVsbA==",
          "dependencies": [
            "docker_network.block_feed_net",
            "module.block_feed_storage.docker_container.mysql",
            "module.block_feed_storage.docker_container.timescaledb",
            "module.block_feed_storage.docker_image.mysql_dev",
            "module.block_feed_storage.docker_image.timescaledb_dev"
          ]
        }
      ]
    },
    {
      "module": "module.block_feed_eth_mainnet.module.processing",
      "mode": "managed",
      "type": "null_resource",
      "name": "insert_nodes",
      "provider": "provider[\"registry.terraform.io/hashicorp/null\"]",
      "instances": [
        {
          "index_key": 0,
          "schema_version": 0,
          "attributes": {
            "id": "3711818641927544950",
            "triggers": {
              "always_run": "1"
            }
          },
          "sensitive_attributes": [],
          "dependencies": [
            "docker_image.redis",
            "docker_network.block_feed_net",
            "module.block_feed_eth_mainnet.module.processing.docker_container.webhook_redis",
            "module.block_feed_storage.docker_container.mysql",
            "module.block_feed_storage.docker_container.timescaledb",
            "module.block_feed_storage.docker_image.mysql_dev",
            "module.block_feed_storage.docker_image.timescaledb_dev"
          ]
        }
      ]
    },
    {
      "module": "module.block_feed_lb",
      "mode": "managed",
      "type": "docker_container",
      "name": "webhook_lb_consumer",
      "provider": "provider[\"registry.terraform.io/kreuzwerker/docker\"]",
      "instances": [
        {
          "index_key": 0,
          "schema_version": 2,
          "attributes": {
            "attach": false,
            "bridge": "",
            "capabilities": [],
            "cgroupns_mode": null,
            "command": [
              "/workspace/bin"
            ],
            "container_logs": null,
            "container_read_refresh_timeout_milliseconds": 15000,
            "cpu_set": "",
            "cpu_shares": 0,
            "destroy_grace_seconds": null,
            "devices": [],
            "dns": null,
            "dns_opts": null,
            "dns_search": null,
            "domainname": "",
            "entrypoint": [],
            "env": [
              "WEBHOOK_LB_CONSUMER_BLOCK_TIMEOUT_MS=60000",
              "WEBHOOK_LB_CONSUMER_LOCK_EXP_BACKOFF_INIT_MS=1000",
              "WEBHOOK_LB_CONSUMER_LOCK_EXP_BACKOFF_MAX_RAND_MS=1000",
              "WEBHOOK_LB_CONSUMER_LOCK_RETRY_ATTEMPTS=3",
              "WEBHOOK_LB_CONSUMER_MYSQL_CONN_POOL_SIZE=10",
              "WEBHOOK_LB_CONSUMER_MYSQL_URL=backend_user:password@tcp(mysql:3306)/block_feed?parseTime=true",
              "WEBHOOK_LB_CONSUMER_NAME=webhook-lb-consumer-replica-0",
              "WEBHOOK_LB_CONSUMER_POOL_SIZE=3",
              "WEBHOOK_LB_CONSUMER_REDIS_URL=webhook-lb-redis:6379"
            ],
            "exit_code": null,
            "gpus": null,
            "group_add": null,
            "healthcheck": null,
            "host": [],
            "hostname": "353c7146860f",
            "id": "353c7146860fb79e541d40cb108fff7d003edbbd235e5ca42595b8b8f3e2f361",
            "image": "sha256:3c90144848c5e84dae77ee84f2dc620d213604e993017c1908a81f437d63fd03",
            "init": false,
            "ipc_mode": "private",
            "labels": [],
            "log_driver": "json-file",
            "log_opts": null,
            "logs": false,
            "max_retry_count": 0,
            "memory": 0,
            "memory_swap": 0,
            "mounts": [],
            "must_run": true,
            "name": "webhook-lb-consumer-replica-0",
            "network_data": [
              {
                "gateway": "192.168.224.1",
                "global_ipv6_address": "",
                "global_ipv6_prefix_length": 0,
                "ip_address": "192.168.224.12",
                "ip_prefix_length": 20,
                "ipv6_gateway": "",
                "mac_address": "02:42:c0:a8:e0:0c",
                "network_name": "block_feed_net"
              }
            ],
            "network_mode": "default",
            "networks_advanced": [
              {
                "aliases": [],
                "ipv4_address": "",
                "ipv6_address": "",
                "name": "block_feed_net"
              }
            ],
            "pid_mode": "",
            "ports": [],
            "privileged": false,
            "publish_all_ports": false,
            "read_only": false,
            "remove_volumes": true,
            "restart": "always",
            "rm": false,
            "runtime": "runc",
            "security_opts": [],
            "shm_size": 64,
            "start": true,
            "stdin_open": false,
            "stop_signal": "",
            "stop_timeout": 0,
            "storage_opts": null,
            "sysctls": null,
            "tmpfs": null,
            "tty": false,
            "ulimit": [],
            "upload": [],
            "user": "",
            "userns_mode": "",
            "volumes": [],
            "wait": false,
            "wait_timeout": 60,
            "working_dir": "/workspace"
          },
          "sensitive_attributes": [],
          "private": "eyJzY2hlbWFfdmVyc2lvbiI6IjIifQ==",
          "dependencies": [
            "docker_image.redis",
            "docker_network.block_feed_net",
            "module.block_feed_eth_mainnet.module.etl.docker_container.block_consumer",
            "module.block_feed_eth_mainnet.module.etl.docker_container.block_poller",
            "module.block_feed_eth_mainnet.module.etl.docker_container.block_poller_redis",
            "module.block_feed_eth_mainnet.module.etl.docker_image.block_consumer",
            "module.block_feed_eth_mainnet.module.etl.docker_image.block_poller",
            "module.block_feed_eth_mainnet.module.processing.docker_container.block_flusher",
            "module.block_feed_eth_mainnet.module.processing.docker_container.webhook_activation_consumer",
            "module.block_feed_eth_mainnet.module.processing.docker_container.webhook_consumer",
            "module.block_feed_eth_mainnet.module.processing.docker_container.webhook_redis",
            "module.block_feed_eth_mainnet.module.processing.docker_image.block_flusher",
            "module.block_feed_eth_mainnet.module.processing.docker_image.webhook_activation_consumer",
            "module.block_feed_eth_mainnet.module.processing.docker_image.webhook_consumer",
            "module.block_feed_eth_mainnet.module.processing.null_resource.insert_nodes",
            "module.block_feed_lb.docker_container.webhook_lb_redis",
            "module.block_feed_lb.docker_image.webhook_lb_consumer",
            "module.block_feed_storage.docker_container.mysql",
            "module.block_feed_storage.docker_container.timescaledb",
            "module.block_feed_storage.docker_image.mysql_dev",
            "module.block_feed_storage.docker_image.timescaledb_dev"
          ]
        }
      ]
    },
    {
      "module": "module.block_feed_lb",
      "mode": "managed",
      "type": "docker_container",
      "name": "webhook_lb_redis",
      "provider": "provider[\"registry.terraform.io/kreuzwerker/docker\"]",
      "instances": [
        {
          "schema_version": 2,
          "attributes": {
            "attach": false,
            "bridge": "",
            "capabilities": [],
            "cgroupns_mode": null,
            "command": [
              "--port",
              "6379",
              "--loglevel",
              "debug"
            ],
            "container_logs": null,
            "container_read_refresh_timeout_milliseconds": 15000,
            "cpu_set": "",
            "cpu_shares": 0,
            "destroy_grace_seconds": null,
            "devices": [],
            "dns": null,
            "dns_opts": null,
            "dns_search": null,
            "domainname": "",
            "entrypoint": [
              "docker-entrypoint.sh"
            ],
            "env": [],
            "exit_code": null,
            "gpus": null,
            "group_add": null,
            "healthcheck": null,
            "host": [],
            "hostname": "5ffd6dda0802",
            "id": "5ffd6dda08020a17113855b34b317ff54d87a82475fb66d9ec3938b8d2016734",
            "image": "sha256:5f1b29ca6c7aadd4a446df1328127f43ff5dea0c10ea563d440e3029f8538bb1",
            "init": false,
            "ipc_mode": "private",
            "labels": [],
            "log_driver": "json-file",
            "log_opts": null,
            "logs": false,
            "max_retry_count": 0,
            "memory": 0,
            "memory_swap": 0,
            "mounts": [],
            "must_run": true,
            "name": "webhook-lb-redis",
            "network_data": [
              {
                "gateway": "192.168.224.1",
                "global_ipv6_address": "",
                "global_ipv6_prefix_length": 0,
                "ip_address": "192.168.224.11",
                "ip_prefix_length": 20,
                "ipv6_gateway": "",
                "mac_address": "02:42:c0:a8:e0:0b",
                "network_name": "block_feed_net"
              }
            ],
            "network_mode": "default",
            "networks_advanced": [
              {
                "aliases": [],
                "ipv4_address": "",
                "ipv6_address": "",
                "name": "block_feed_net"
              }
            ],
            "pid_mode": "",
            "ports": [
              {
                "external": 6379,
                "internal": 6379,
                "ip": "0.0.0.0",
                "protocol": "tcp"
              }
            ],
            "privileged": false,
            "publish_all_ports": false,
            "read_only": false,
            "remove_volumes": true,
            "restart": "no",
            "rm": false,
            "runtime": "runc",
            "security_opts": [],
            "shm_size": 64,
            "start": true,
            "stdin_open": false,
            "stop_signal": "",
            "stop_timeout": 0,
            "storage_opts": null,
            "sysctls": null,
            "tmpfs": null,
            "tty": false,
            "ulimit": [],
            "upload": [],
            "user": "",
            "userns_mode": "",
            "volumes": [],
            "wait": false,
            "wait_timeout": 60,
            "working_dir": "/data"
          },
          "sensitive_attributes": [],
          "private": "eyJzY2hlbWFfdmVyc2lvbiI6IjIifQ==",
          "dependencies": [
            "docker_image.redis",
            "docker_network.block_feed_net",
            "module.block_feed_eth_mainnet.module.etl.docker_container.block_consumer",
            "module.block_feed_eth_mainnet.module.etl.docker_container.block_poller",
            "module.block_feed_eth_mainnet.module.etl.docker_container.block_poller_redis",
            "module.block_feed_eth_mainnet.module.etl.docker_image.block_consumer",
            "module.block_feed_eth_mainnet.module.etl.docker_image.block_poller",
            "module.block_feed_eth_mainnet.module.processing.docker_container.block_flusher",
            "module.block_feed_eth_mainnet.module.processing.docker_container.webhook_activation_consumer",
            "module.block_feed_eth_mainnet.module.processing.docker_container.webhook_consumer",
            "module.block_feed_eth_mainnet.module.processing.docker_container.webhook_redis",
            "module.block_feed_eth_mainnet.module.processing.docker_image.block_flusher",
            "module.block_feed_eth_mainnet.module.processing.docker_image.webhook_activation_consumer",
            "module.block_feed_eth_mainnet.module.processing.docker_image.webhook_consumer",
            "module.block_feed_eth_mainnet.module.processing.null_resource.insert_nodes",
            "module.block_feed_storage.docker_container.mysql",
            "module.block_feed_storage.docker_container.timescaledb",
            "module.block_feed_storage.docker_image.mysql_dev",
            "module.block_feed_storage.docker_image.timescaledb_dev"
          ]
        }
      ]
    },
    {
      "module": "module.block_feed_lb",
      "mode": "managed",
      "type": "docker_image",
      "name": "webhook_lb_consumer",
      "provider": "provider[\"registry.terraform.io/kreuzwerker/docker\"]",
      "instances": [
        {
          "schema_version": 0,
          "attributes": {
            "build": [
              {
                "auth_config": [],
                "build_arg": null,
                "build_args": {
                  "BUILD_PATH": "./src/apps/load-balancing/webhook-load-balancer-consumer/main.go"
                },
                "build_id": "",
                "cache_from": [],
                "cgroup_parent": "",
                "context": "/root/side-projects/block-feed-prototype/apps/workers",
                "cpu_period": null,
                "cpu_quota": null,
                "cpu_set_cpus": "",
                "cpu_set_mems": "",
                "cpu_shares": null,
                "dockerfile": "./Dockerfile",
                "extra_hosts": [],
                "force_remove": null,
                "isolation": "",
                "label": null,
                "labels": null,
                "memory": null,
                "memory_swap": null,
                "network_mode": "",
                "no_cache": null,
                "platform": "",
                "pull_parent": null,
                "remote_context": "",
                "remove": true,
                "security_opt": [],
                "session_id": "",
                "shm_size": null,
                "squash": null,
                "suppress_output": null,
                "tag": [],
                "target": "",
                "ulimit": [],
                "version": ""
              }
            ],
            "force_remove": null,
            "id": "sha256:3c90144848c5e84dae77ee84f2dc620d213604e993017c1908a81f437d63fd03webhook-lb-consumer:1.0.0",
            "image_id": "sha256:3c90144848c5e84dae77ee84f2dc620d213604e993017c1908a81f437d63fd03",
            "keep_locally": null,
            "name": "webhook-lb-consumer:1.0.0",
            "platform": null,
            "pull_triggers": null,
            "repo_digest": "",
            "triggers": null
          },
          "sensitive_attributes": [],
          "private": "bnVsbA==",
          "dependencies": [
            "docker_image.redis",
            "docker_network.block_feed_net",
            "module.block_feed_eth_mainnet.module.etl.docker_container.block_consumer",
            "module.block_feed_eth_mainnet.module.etl.docker_container.block_poller",
            "module.block_feed_eth_mainnet.module.etl.docker_container.block_poller_redis",
            "module.block_feed_eth_mainnet.module.etl.docker_image.block_consumer",
            "module.block_feed_eth_mainnet.module.etl.docker_image.block_poller",
            "module.block_feed_eth_mainnet.module.processing.docker_container.block_flusher",
            "module.block_feed_eth_mainnet.module.processing.docker_container.webhook_activation_consumer",
            "module.block_feed_eth_mainnet.module.processing.docker_container.webhook_consumer",
            "module.block_feed_eth_mainnet.module.processing.docker_container.webhook_redis",
            "module.block_feed_eth_mainnet.module.processing.docker_image.block_flusher",
            "module.block_feed_eth_mainnet.module.processing.docker_image.webhook_activation_consumer",
            "module.block_feed_eth_mainnet.module.processing.docker_image.webhook_consumer",
            "module.block_feed_eth_mainnet.module.processing.null_resource.insert_nodes",
            "module.block_feed_storage.docker_container.mysql",
            "module.block_feed_storage.docker_container.timescaledb",
            "module.block_feed_storage.docker_image.mysql_dev",
            "module.block_feed_storage.docker_image.timescaledb_dev"
          ]
        }
      ]
    },
    {
      "module": "module.block_feed_storage",
      "mode": "managed",
      "type": "docker_container",
      "name": "mysql",
      "provider": "provider[\"registry.terraform.io/kreuzwerker/docker\"]",
      "instances": [
        {
          "schema_version": 2,
          "attributes": {
            "attach": false,
            "bridge": "",
            "capabilities": [],
            "cgroupns_mode": null,
            "command": [
              "mysqld"
            ],
            "container_logs": null,
            "container_read_refresh_timeout_milliseconds": 15000,
            "cpu_set": "",
            "cpu_shares": 0,
            "destroy_grace_seconds": null,
            "devices": [],
            "dns": null,
            "dns_opts": null,
            "dns_search": null,
            "domainname": "",
            "entrypoint": [
              "docker-entrypoint.sh"
            ],
            "env": [
              "MYSQL_DATABASE=block_feed",
              "MYSQL_PASSWORD=password",
              "MYSQL_ROOT_PASSWORD=password",
              "MYSQL_USER=rootuser"
            ],
            "exit_code": null,
            "gpus": null,
            "group_add": null,
            "healthcheck": null,
            "host": [],
            "hostname": "01ea0f4b1deb",
            "id": "01ea0f4b1debc52a0a5bbd720cc636a0fd5bb9aecd6758302fcfd85813f7b3ff",
            "image": "sha256:2a97641ab080b7714dfbc1550bc6e9be5f30c965b9dace49064f422eb24d14b4",
            "init": false,
            "ipc_mode": "private",
            "labels": [],
            "log_driver": "json-file",
            "log_opts": null,
            "logs": false,
            "max_retry_count": 0,
            "memory": 0,
            "memory_swap": 0,
            "mounts": [],
            "must_run": true,
            "name": "mysql",
            "network_data": [
              {
                "gateway": "192.168.224.1",
                "global_ipv6_address": "",
                "global_ipv6_prefix_length": 0,
                "ip_address": "192.168.224.2",
                "ip_prefix_length": 20,
                "ipv6_gateway": "",
                "mac_address": "02:42:c0:a8:e0:02",
                "network_name": "block_feed_net"
              }
            ],
            "network_mode": "default",
            "networks_advanced": [
              {
                "aliases": [],
                "ipv4_address": "",
                "ipv6_address": "",
                "name": "block_feed_net"
              }
            ],
            "pid_mode": "",
            "ports": [
              {
                "external": 3306,
                "internal": 3306,
                "ip": "0.0.0.0",
                "protocol": "tcp"
              }
            ],
            "privileged": false,
            "publish_all_ports": false,
            "read_only": false,
            "remove_volumes": true,
            "restart": "no",
            "rm": false,
            "runtime": "runc",
            "security_opts": [],
            "shm_size": 64,
            "start": true,
            "stdin_open": false,
            "stop_signal": "",
            "stop_timeout": 0,
            "storage_opts": null,
            "sysctls": null,
            "tmpfs": null,
            "tty": false,
            "ulimit": [],
            "upload": [],
            "user": "",
            "userns_mode": "",
            "volumes": [],
            "wait": false,
            "wait_timeout": 60,
            "working_dir": ""
          },
          "sensitive_attributes": [],
          "private": "eyJzY2hlbWFfdmVyc2lvbiI6IjIifQ==",
          "dependencies": [
            "docker_network.block_feed_net",
            "module.block_feed_storage.docker_image.mysql_dev"
          ]
        }
      ]
    },
    {
      "module": "module.block_feed_storage",
      "mode": "managed",
      "type": "docker_container",
      "name": "timescaledb",
      "provider": "provider[\"registry.terraform.io/kreuzwerker/docker\"]",
      "instances": [
        {
          "schema_version": 2,
          "attributes": {
            "attach": false,
            "bridge": "",
            "capabilities": [],
            "cgroupns_mode": null,
            "command": [
              "postgres"
            ],
            "container_logs": null,
            "container_read_refresh_timeout_milliseconds": 15000,
            "cpu_set": "",
            "cpu_shares": 0,
            "destroy_grace_seconds": null,
            "devices": [],
            "dns": null,
            "dns_opts": null,
            "dns_search": null,
            "domainname": "",
            "entrypoint": [
              "docker-entrypoint.sh"
            ],
            "env": [
              "POSTGRES_DB=block_feed",
              "POSTGRES_PASSWORD=password",
              "POSTGRES_USER=rootuser"
            ],
            "exit_code": null,
            "gpus": null,
            "group_add": null,
            "healthcheck": null,
            "host": [],
            "hostname": "e3dc75d03eeb",
            "id": "e3dc75d03eebffedaf607053ee034f615f10722412aa63e01e8d4b3b157c5554",
            "image": "sha256:3c3e43e302424dca73af22269f228ee816b0440d51df450e645df7531b767857",
            "init": false,
            "ipc_mode": "private",
            "labels": [],
            "log_driver": "json-file",
            "log_opts": null,
            "logs": false,
            "max_retry_count": 0,
            "memory": 0,
            "memory_swap": 0,
            "mounts": [],
            "must_run": true,
            "name": "timescaledb",
            "network_data": [
              {
                "gateway": "192.168.224.1",
                "global_ipv6_address": "",
                "global_ipv6_prefix_length": 0,
                "ip_address": "192.168.224.3",
                "ip_prefix_length": 20,
                "ipv6_gateway": "",
                "mac_address": "02:42:c0:a8:e0:03",
                "network_name": "block_feed_net"
              }
            ],
            "network_mode": "default",
            "networks_advanced": [
              {
                "aliases": [],
                "ipv4_address": "",
                "ipv6_address": "",
                "name": "block_feed_net"
              }
            ],
            "pid_mode": "",
            "ports": [
              {
                "external": 5432,
                "internal": 5432,
                "ip": "0.0.0.0",
                "protocol": "tcp"
              }
            ],
            "privileged": false,
            "publish_all_ports": false,
            "read_only": false,
            "remove_volumes": true,
            "restart": "no",
            "rm": false,
            "runtime": "runc",
            "security_opts": [],
            "shm_size": 64,
            "start": true,
            "stdin_open": false,
            "stop_signal": "SIGINT",
            "stop_timeout": 0,
            "storage_opts": null,
            "sysctls": null,
            "tmpfs": null,
            "tty": false,
            "ulimit": [],
            "upload": [],
            "user": "",
            "userns_mode": "",
            "volumes": [],
            "wait": false,
            "wait_timeout": 60,
            "working_dir": ""
          },
          "sensitive_attributes": [],
          "private": "eyJzY2hlbWFfdmVyc2lvbiI6IjIifQ==",
          "dependencies": [
            "docker_network.block_feed_net",
            "module.block_feed_storage.docker_image.timescaledb_dev"
          ]
        }
      ]
    },
    {
      "module": "module.block_feed_storage",
      "mode": "managed",
      "type": "docker_image",
      "name": "mysql_dev",
      "provider": "provider[\"registry.terraform.io/kreuzwerker/docker\"]",
      "instances": [
        {
          "schema_version": 0,
          "attributes": {
            "build": [
              {
                "auth_config": [],
                "build_arg": null,
                "build_args": {
                  "MYSQL_VERSION": "8.3.0"
                },
                "build_id": "",
                "cache_from": [],
                "cgroup_parent": "",
                "context": "/root/side-projects/block-feed-prototype/vendor/mysql",
                "cpu_period": null,
                "cpu_quota": null,
                "cpu_set_cpus": "",
                "cpu_set_mems": "",
                "cpu_shares": null,
                "dockerfile": "./Dockerfile",
                "extra_hosts": [],
                "force_remove": null,
                "isolation": "",
                "label": null,
                "labels": null,
                "memory": null,
                "memory_swap": null,
                "network_mode": "",
                "no_cache": null,
                "platform": "",
                "pull_parent": null,
                "remote_context": "",
                "remove": true,
                "security_opt": [],
                "session_id": "",
                "shm_size": null,
                "squash": null,
                "suppress_output": null,
                "tag": [],
                "target": "",
                "ulimit": [],
                "version": ""
              }
            ],
            "force_remove": null,
            "id": "sha256:2a97641ab080b7714dfbc1550bc6e9be5f30c965b9dace49064f422eb24d14b4mysql-dev:1.0.0",
            "image_id": "sha256:2a97641ab080b7714dfbc1550bc6e9be5f30c965b9dace49064f422eb24d14b4",
            "keep_locally": null,
            "name": "mysql-dev:1.0.0",
            "platform": null,
            "pull_triggers": null,
            "repo_digest": "",
            "triggers": null
          },
          "sensitive_attributes": [],
          "private": "bnVsbA=="
        }
      ]
    },
    {
      "module": "module.block_feed_storage",
      "mode": "managed",
      "type": "docker_image",
      "name": "timescaledb_dev",
      "provider": "provider[\"registry.terraform.io/kreuzwerker/docker\"]",
      "instances": [
        {
          "schema_version": 0,
          "attributes": {
            "build": [
              {
                "auth_config": [],
                "build_arg": null,
                "build_args": {
                  "PG_VERSION": "latest-pg16"
                },
                "build_id": "",
                "cache_from": [],
                "cgroup_parent": "",
                "context": "/root/side-projects/block-feed-prototype/vendor/timescaledb",
                "cpu_period": null,
                "cpu_quota": null,
                "cpu_set_cpus": "",
                "cpu_set_mems": "",
                "cpu_shares": null,
                "dockerfile": "./Dockerfile",
                "extra_hosts": [],
                "force_remove": null,
                "isolation": "",
                "label": null,
                "labels": null,
                "memory": null,
                "memory_swap": null,
                "network_mode": "",
                "no_cache": null,
                "platform": "",
                "pull_parent": null,
                "remote_context": "",
                "remove": true,
                "security_opt": [],
                "session_id": "",
                "shm_size": null,
                "squash": null,
                "suppress_output": null,
                "tag": [],
                "target": "",
                "ulimit": [],
                "version": ""
              }
            ],
            "force_remove": null,
            "id": "sha256:3c3e43e302424dca73af22269f228ee816b0440d51df450e645df7531b767857timescaledb-dev:1.0.0",
            "image_id": "sha256:3c3e43e302424dca73af22269f228ee816b0440d51df450e645df7531b767857",
            "keep_locally": null,
            "name": "timescaledb-dev:1.0.0",
            "platform": null,
            "pull_triggers": null,
            "repo_digest": "",
            "triggers": null
          },
          "sensitive_attributes": [],
          "private": "bnVsbA=="
        }
      ]
    }
  ],
  "check_results": null
}
